// !$*UTF8*$!
{
	archiveVersion = 1;
	classes = {
	};
	objectVersion = 46;
	objects = {

/* Begin PBXBuildFile section */
		8B0630E51D9D0307000B20FB /* main.m in Sources */ = {isa = PBXBuildFile; fileRef = 8B0630E41D9D0307000B20FB /* main.m */; };
		8B0630E81D9D0307000B20FB /* AppDelegate.m in Sources */ = {isa = PBXBuildFile; fileRef = 8B0630E71D9D0307000B20FB /* AppDelegate.m */; };
		8B0630EB1D9D0307000B20FB /* ViewController.m in Sources */ = {isa = PBXBuildFile; fileRef = 8B0630EA1D9D0307000B20FB /* ViewController.m */; };
		8B0630EE1D9D0307000B20FB /* Main.storyboard in Resources */ = {isa = PBXBuildFile; fileRef = 8B0630EC1D9D0307000B20FB /* Main.storyboard */; };
		8B0630F01D9D0307000B20FB /* Assets.xcassets in Resources */ = {isa = PBXBuildFile; fileRef = 8B0630EF1D9D0307000B20FB /* Assets.xcassets */; };
		8B0630F31D9D0307000B20FB /* LaunchScreen.storyboard in Resources */ = {isa = PBXBuildFile; fileRef = 8B0630F11D9D0307000B20FB /* LaunchScreen.storyboard */; };
		8B0630FE1D9D0307000B20FB /* gitTestProjectTests.m in Sources */ = {isa = PBXBuildFile; fileRef = 8B0630FD1D9D0307000B20FB /* gitTestProjectTests.m */; };
		8B0631091D9D0307000B20FB /* gitTestProjectUITests.m in Sources */ = {isa = PBXBuildFile; fileRef = 8B0631081D9D0307000B20FB /* gitTestProjectUITests.m */; };
/* End PBXBuildFile section */

/* Begin PBXContainerItemProxy section */
		8B0630FA1D9D0307000B20FB /* PBXContainerItemProxy */ = {
			isa = PBXContainerItemProxy;
			containerPortal = 8B0630D81D9D0307000B20FB /* Project object */;
			proxyType = 1;
			remoteGlobalIDString = 8B0630DF1D9D0307000B20FB;
			remoteInfo = gitTestProject;
		};
		8B0631051D9D0307000B20FB /* PBXContainerItemProxy */ = {
			isa = PBXContainerItemProxy;
			containerPortal = 8B0630D81D9D0307000B20FB /* Project object */;
			proxyType = 1;
			remoteGlobalIDString = 8B0630DF1D9D0307000B20FB;
			remoteInfo = gitTestProject;
		};
/* End PBXContainerItemProxy section */

/* Begin PBXFileReference section */
		8B0630E01D9D0307000B20FB /* gitTestProject.app */ = {isa = PBXFileReference; explicitFileType = wrapper.application; includeInIndex = 0; path = gitTestProject.app; sourceTree = BUILT_PRODUCTS_DIR; };
		8B0630E41D9D0307000B20FB /* main.m */ = {isa = PBXFileReference; lastKnownFileType = sourcecode.c.objc; path = main.m; sourceTree = "<group>"; };
		8B0630E61D9D0307000B20FB /* AppDelegate.h */ = {isa = PBXFileReference; lastKnownFileType = sourcecode.c.h; path = AppDelegate.h; sourceTree = "<group>"; };
		8B0630E71D9D0307000B20FB /* AppDelegate.m */ = {isa = PBXFileReference; lastKnownFileType = sourcecode.c.objc; path = AppDelegate.m; sourceTree = "<group>"; };
		8B0630E91D9D0307000B20FB /* ViewController.h */ = {isa = PBXFileReference; lastKnownFileType = sourcecode.c.h; path = ViewController.h; sourceTree = "<group>"; };
		8B0630EA1D9D0307000B20FB /* ViewController.m */ = {isa = PBXFileReference; lastKnownFileType = sourcecode.c.objc; path = ViewController.m; sourceTree = "<group>"; };
		8B0630ED1D9D0307000B20FB /* Base */ = {isa = PBXFileReference; lastKnownFileType = file.storyboard; name = Base; path = Base.lproj/Main.storyboard; sourceTree = "<group>"; };
		8B0630EF1D9D0307000B20FB /* Assets.xcassets */ = {isa = PBXFileReference; lastKnownFileType = folder.assetcatalog; path = Assets.xcassets; sourceTree = "<group>"; };
		8B0630F21D9D0307000B20FB /* Base */ = {isa = PBXFileReference; lastKnownFileType = file.storyboard; name = Base; path = Base.lproj/LaunchScreen.storyboard; sourceTree = "<group>"; };
		8B0630F41D9D0307000B20FB /* Info.plist */ = {isa = PBXFileReference; lastKnownFileType = text.plist.xml; path = Info.plist; sourceTree = "<group>"; };
		8B0630F91D9D0307000B20FB /* gitTestProjectTests.xctest */ = {isa = PBXFileReference; explicitFileType = wrapper.cfbundle; includeInIndex = 0; path = gitTestProjectTests.xctest; sourceTree = BUILT_PRODUCTS_DIR; };
		8B0630FD1D9D0307000B20FB /* gitTestProjectTests.m */ = {isa = PBXFileReference; lastKnownFileType = sourcecode.c.objc; path = gitTestProjectTests.m; sourceTree = "<group>"; };
		8B0630FF1D9D0307000B20FB /* Info.plist */ = {isa = PBXFileReference; lastKnownFileType = text.plist.xml; path = Info.plist; sourceTree = "<group>"; };
		8B0631041D9D0307000B20FB /* gitTestProjectUITests.xctest */ = {isa = PBXFileReference; explicitFileType = wrapper.cfbundle; includeInIndex = 0; path = gitTestProjectUITests.xctest; sourceTree = BUILT_PRODUCTS_DIR; };
		8B0631081D9D0307000B20FB /* gitTestProjectUITests.m */ = {isa = PBXFileReference; lastKnownFileType = sourcecode.c.objc; path = gitTestProjectUITests.m; sourceTree = "<group>"; };
		8B06310A1D9D0307000B20FB /* Info.plist */ = {isa = PBXFileReference; lastKnownFileType = text.plist.xml; path = Info.plist; sourceTree = "<group>"; };
/* End PBXFileReference section */

/* Begin PBXFrameworksBuildPhase section */
		8B0630DD1D9D0307000B20FB /* Frameworks */ = {
			isa = PBXFrameworksBuildPhase;
			buildActionMask = 2147483647;
			files = (
			);
			runOnlyForDeploymentPostprocessing = 0;
		};
		8B0630F61D9D0307000B20FB /* Frameworks */ = {
			isa = PBXFrameworksBuildPhase;
			buildActionMask = 2147483647;
			files = (
			);
			runOnlyForDeploymentPostprocessing = 0;
		};
		8B0631011D9D0307000B20FB /* Frameworks */ = {
			isa = PBXFrameworksBuildPhase;
			buildActionMask = 2147483647;
			files = (
			);
			runOnlyForDeploymentPostprocessing = 0;
		};
/* End PBXFrameworksBuildPhase section */

/* Begin PBXGroup section */
		8B0630D71D9D0307000B20FB = {
			isa = PBXGroup;
			children = (
				8B0630E21D9D0307000B20FB /* gitTestProject */,
				8B0630FC1D9D0307000B20FB /* gitTestProjectTests */,
				8B0631071D9D0307000B20FB /* gitTestProjectUITests */,
				8B0630E11D9D0307000B20FB /* Products */,
			);
			sourceTree = "<group>";
		};
		8B0630E11D9D0307000B20FB /* Products */ = {
			isa = PBXGroup;
			children = (
				8B0630E01D9D0307000B20FB /* gitTestProject.app */,
				8B0630F91D9D0307000B20FB /* gitTestProjectTests.xctest */,
				8B0631041D9D0307000B20FB /* gitTestProjectUITests.xctest */,
			);
			name = Products;
			sourceTree = "<group>";
		};
		8B0630E21D9D0307000B20FB /* gitTestProject */ = {
			isa = PBXGroup;
			children = (
				8B0630E61D9D0307000B20FB /* AppDelegate.h */,
				8B0630E71D9D0307000B20FB /* AppDelegate.m */,
				8B0630E91D9D0307000B20FB /* ViewController.h */,
				8B0630EA1D9D0307000B20FB /* ViewController.m */,
				8B0630EC1D9D0307000B20FB /* Main.storyboard */,
				8B0630EF1D9D0307000B20FB /* Assets.xcassets */,
				8B0630F11D9D0307000B20FB /* LaunchScreen.storyboard */,
				8B0630F41D9D0307000B20FB /* Info.plist */,
				8B0630E31D9D0307000B20FB /* Supporting Files */,
			);
			path = gitTestProject;
			sourceTree = "<group>";
		};
		8B0630E31D9D0307000B20FB /* Supporting Files */ = {
			isa = PBXGroup;
			children = (
				8B0630E41D9D0307000B20FB /* main.m */,
			);
			name = "Supporting Files";
			sourceTree = "<group>";
		};
		8B0630FC1D9D0307000B20FB /* gitTestProjectTests */ = {
			isa = PBXGroup;
			children = (
				8B0630FD1D9D0307000B20FB /* gitTestProjectTests.m */,
				8B0630FF1D9D0307000B20FB /* Info.plist */,
			);
			path = gitTestProjectTests;
			sourceTree = "<group>";
		};
		8B0631071D9D0307000B20FB /* gitTestProjectUITests */ = {
			isa = PBXGroup;
			children = (
				8B0631081D9D0307000B20FB /* gitTestProjectUITests.m */,
				8B06310A1D9D0307000B20FB /* Info.plist */,
			);
			path = gitTestProjectUITests;
			sourceTree = "<group>";
		};
/* End PBXGroup section */

/* Begin PBXNativeTarget section */
		8B0630DF1D9D0307000B20FB /* gitTestProject */ = {
			isa = PBXNativeTarget;
			buildConfigurationList = 8B06310D1D9D0307000B20FB /* Build configuration list for PBXNativeTarget "gitTestProject" */;
			buildPhases = (
				8B0630DC1D9D0307000B20FB /* Sources */,
				8B0630DD1D9D0307000B20FB /* Frameworks */,
				8B0630DE1D9D0307000B20FB /* Resources */,
			);
			buildRules = (
			);
			dependencies = (
			);
			name = gitTestProject;
			productName = gitTestProject;
			productReference = 8B0630E01D9D0307000B20FB /* gitTestProject.app */;
			productType = "com.apple.product-type.application";
		};
		8B0630F81D9D0307000B20FB /* gitTestProjectTests */ = {
			isa = PBXNativeTarget;
			buildConfigurationList = 8B0631101D9D0307000B20FB /* Build configuration list for PBXNativeTarget "gitTestProjectTests" */;
			buildPhases = (
				8B0630F51D9D0307000B20FB /* Sources */,
				8B0630F61D9D0307000B20FB /* Frameworks */,
				8B0630F71D9D0307000B20FB /* Resources */,
			);
			buildRules = (
			);
			dependencies = (
				8B0630FB1D9D0307000B20FB /* PBXTargetDependency */,
			);
			name = gitTestProjectTests;
			productName = gitTestProjectTests;
			productReference = 8B0630F91D9D0307000B20FB /* gitTestProjectTests.xctest */;
			productType = "com.apple.product-type.bundle.unit-test";
		};
		8B0631031D9D0307000B20FB /* gitTestProjectUITests */ = {
			isa = PBXNativeTarget;
			buildConfigurationList = 8B0631131D9D0307000B20FB /* Build configuration list for PBXNativeTarget "gitTestProjectUITests" */;
			buildPhases = (
				8B0631001D9D0307000B20FB /* Sources */,
				8B0631011D9D0307000B20FB /* Frameworks */,
				8B0631021D9D0307000B20FB /* Resources */,
			);
			buildRules = (
			);
			dependencies = (
				8B0631061D9D0307000B20FB /* PBXTargetDependency */,
			);
			name = gitTestProjectUITests;
			productName = gitTestProjectUITests;
			productReference = 8B0631041D9D0307000B20FB /* gitTestProjectUITests.xctest */;
			productType = "com.apple.product-type.bundle.ui-testing";
		};
/* End PBXNativeTarget section */

/* Begin PBXProject section */
		8B0630D81D9D0307000B20FB /* Project object */ = {
			isa = PBXProject;
			attributes = {
				LastUpgradeCheck = 0800;
				ORGANIZATIONNAME = iOS_Onion;
				TargetAttributes = {
					8B0630DF1D9D0307000B20FB = {
						CreatedOnToolsVersion = 8.0;
						ProvisioningStyle = Automatic;
					};
					8B0630F81D9D0307000B20FB = {
						CreatedOnToolsVersion = 8.0;
						ProvisioningStyle = Automatic;
						TestTargetID = 8B0630DF1D9D0307000B20FB;
					};
					8B0631031D9D0307000B20FB = {
						CreatedOnToolsVersion = 8.0;
						ProvisioningStyle = Automatic;
						TestTargetID = 8B0630DF1D9D0307000B20FB;
					};
				};
			};
			buildConfigurationList = 8B0630DB1D9D0307000B20FB /* Build configuration list for PBXProject "gitTestProject" */;
			compatibilityVersion = "Xcode 3.2";
			developmentRegion = English;
			hasScannedForEncodings = 0;
			knownRegions = (
				en,
				Base,
			);
			mainGroup = 8B0630D71D9D0307000B20FB;
			productRefGroup = 8B0630E11D9D0307000B20FB /* Products */;
			projectDirPath = "";
			projectRoot = "";
			targets = (
				8B0630DF1D9D0307000B20FB /* gitTestProject */,
				8B0630F81D9D0307000B20FB /* gitTestProjectTests */,
				8B0631031D9D0307000B20FB /* gitTestProjectUITests */,
			);
		};
/* End PBXProject section */

/* Begin PBXResourcesBuildPhase section */
		8B0630DE1D9D0307000B20FB /* Resources */ = {
			isa = PBXResourcesBuildPhase;
			buildActionMask = 2147483647;
			files = (
				8B0630F31D9D0307000B20FB /* LaunchScreen.storyboard in Resources */,
				8B0630F01D9D0307000B20FB /* Assets.xcassets in Resources */,
				8B0630EE1D9D0307000B20FB /* Main.storyboard in Resources */,
			);
			runOnlyForDeploymentPostprocessing = 0;
		};
		8B0630F71D9D0307000B20FB /* Resources */ = {
			isa = PBXResourcesBuildPhase;
			buildActionMask = 2147483647;
			files = (
			);
			runOnlyForDeploymentPostprocessing = 0;
		};
		8B0631021D9D0307000B20FB /* Resources */ = {
			isa = PBXResourcesBuildPhase;
			buildActionMask = 2147483647;
			files = (
			);
			runOnlyForDeploymentPostprocessing = 0;
		};
/* End PBXResourcesBuildPhase section */

/* Begin PBXSourcesBuildPhase section */
		8B0630DC1D9D0307000B20FB /* Sources */ = {
			isa = PBXSourcesBuildPhase;
			buildActionMask = 2147483647;
			files = (
				8B0630EB1D9D0307000B20FB /* ViewController.m in Sources */,
				8B0630E81D9D0307000B20FB /* AppDelegate.m in Sources */,
				8B0630E51D9D0307000B20FB /* main.m in Sources */,
			);
			runOnlyForDeploymentPostprocessing = 0;
		};
		8B0630F51D9D0307000B20FB /* Sources */ = {
			isa = PBXSourcesBuildPhase;
			buildActionMask = 2147483647;
			files = (
				8B0630FE1D9D0307000B20FB /* gitTestProjectTests.m in Sources */,
			);
			runOnlyForDeploymentPostprocessing = 0;
		};
		8B0631001D9D0307000B20FB /* Sources */ = {
			isa = PBXSourcesBuildPhase;
			buildActionMask = 2147483647;
			files = (
				8B0631091D9D0307000B20FB /* gitTestProjectUITests.m in Sources */,
			);
			runOnlyForDeploymentPostprocessing = 0;
		};
/* End PBXSourcesBuildPhase section */

/* Begin PBXTargetDependency section */
		8B0630FB1D9D0307000B20FB /* PBXTargetDependency */ = {
			isa = PBXTargetDependency;
			target = 8B0630DF1D9D0307000B20FB /* gitTestProject */;
			targetProxy = 8B0630FA1D9D0307000B20FB /* PBXContainerItemProxy */;
		};
		8B0631061D9D0307000B20FB /* PBXTargetDependency */ = {
			isa = PBXTargetDependency;
			target = 8B0630DF1D9D0307000B20FB /* gitTestProject */;
			targetProxy = 8B0631051D9D0307000B20FB /* PBXContainerItemProxy */;
		};
/* End PBXTargetDependency section */

/* Begin PBXVariantGroup section */
		8B0630EC1D9D0307000B20FB /* Main.storyboard */ = {
			isa = PBXVariantGroup;
			children = (
				8B0630ED1D9D0307000B20FB /* Base */,
			);
			name = Main.storyboard;
			sourceTree = "<group>";
		};
		8B0630F11D9D0307000B20FB /* LaunchScreen.storyboard */ = {
			isa = PBXVariantGroup;
			children = (
				8B0630F21D9D0307000B20FB /* Base */,
			);
			name = LaunchScreen.storyboard;
			sourceTree = "<group>";
		};
/* End PBXVariantGroup section */

/* Begin XCBuildConfiguration section */
		8B06310B1D9D0307000B20FB /* Debug */ = {
			isa = XCBuildConfiguration;
			buildSettings = {
				ALWAYS_SEARCH_USER_PATHS = NO;
				CLANG_ANALYZER_NONNULL = YES;
				CLANG_CXX_LANGUAGE_STANDARD = "gnu++0x";
				CLANG_CXX_LIBRARY = "libc++";
				CLANG_ENABLE_MODULES = YES;
				CLANG_ENABLE_OBJC_ARC = YES;
				CLANG_WARN_BOOL_CONVERSION = YES;
				CLANG_WARN_CONSTANT_CONVERSION = YES;
				CLANG_WARN_DIRECT_OBJC_ISA_USAGE = YES_ERROR;
				CLANG_WARN_DOCUMENTATION_COMMENTS = YES;
				CLANG_WARN_EMPTY_BODY = YES;
				CLANG_WARN_ENUM_CONVERSION = YES;
				CLANG_WARN_INFINITE_RECURSION = YES;
				CLANG_WARN_INT_CONVERSION = YES;
				CLANG_WARN_OBJC_ROOT_CLASS = YES_ERROR;
				CLANG_WARN_SUSPICIOUS_MOVES = YES;
				CLANG_WARN_UNREACHABLE_CODE = YES;
				CLANG_WARN__DUPLICATE_METHOD_MATCH = YES;
				"CODE_SIGN_IDENTITY[sdk=iphoneos*]" = "iPhone Developer";
				COPY_PHASE_STRIP = NO;
				DEBUG_INFORMATION_FORMAT = dwarf;
				ENABLE_STRICT_OBJC_MSGSEND = YES;
				ENABLE_TESTABILITY = YES;
				GCC_C_LANGUAGE_STANDARD = gnu99;
				GCC_DYNAMIC_NO_PIC = NO;
				GCC_NO_COMMON_BLOCKS = YES;
				GCC_OPTIMIZATION_LEVEL = 0;
				GCC_PREPROCESSOR_DEFINITIONS = (
					"DEBUG=1",
					"$(inherited)",
				);
				GCC_WARN_64_TO_32_BIT_CONVERSION = YES;
				GCC_WARN_ABOUT_RETURN_TYPE = YES_ERROR;
				GCC_WARN_UNDECLARED_SELECTOR = YES;
				GCC_WARN_UNINITIALIZED_AUTOS = YES_AGGRESSIVE;
				GCC_WARN_UNUSED_FUNCTION = YES;
				GCC_WARN_UNUSED_VARIABLE = YES;
				IPHONEOS_DEPLOYMENT_TARGET = 10.0;
				MTL_ENABLE_DEBUG_INFO = YES;
				ONLY_ACTIVE_ARCH = YES;
				SDKROOT = iphoneos;
				TARGETED_DEVICE_FAMILY = "1,2";
			};
			name = Debug;
		};
		8B06310C1D9D0307000B20FB /* Release */ = {
			isa = XCBuildConfiguration;
			buildSettings = {
				ALWAYS_SEARCH_USER_PATHS = NO;
				CLANG_ANALYZER_NONNULL = YES;
				CLANG_CXX_LANGUAGE_STANDARD = "gnu++0x";
				CLANG_CXX_LIBRARY = "libc++";
				CLANG_ENABLE_MODULES = YES;
				CLANG_ENABLE_OBJC_ARC = YES;
				CLANG_WARN_BOOL_CONVERSION = YES;
				CLANG_WARN_CONSTANT_CONVERSION = YES;
				CLANG_WARN_DIRECT_OBJC_ISA_USAGE = YES_ERROR;
				CLANG_WARN_DOCUMENTATION_COMMENTS = YES;
				CLANG_WARN_EMPTY_BODY = YES;
				CLANG_WARN_ENUM_CONVERSION = YES;
				CLANG_WARN_INFINITE_RECURSION = YES;
				CLANG_WARN_INT_CONVERSION = YES;
				CLANG_WARN_OBJC_ROOT_CLASS = YES_ERROR;
				CLANG_WARN_SUSPICIOUS_MOVES = YES;
				CLANG_WARN_UNREACHABLE_CODE = YES;
				CLANG_WARN__DUPLICATE_METHOD_MATCH = YES;
				"CODE_SIGN_IDENTITY[sdk=iphoneos*]" = "iPhone Developer";
				COPY_PHASE_STRIP = NO;
				DEBUG_INFORMATION_FORMAT = "dwarf-with-dsym";
				ENABLE_NS_ASSERTIONS = NO;
				ENABLE_STRICT_OBJC_MSGSEND = YES;
				GCC_C_LANGUAGE_STANDARD = gnu99;
				GCC_NO_COMMON_BLOCKS = YES;
				GCC_WARN_64_TO_32_BIT_CONVERSION = YES;
				GCC_WARN_ABOUT_RETURN_TYPE = YES_ERROR;
				GCC_WARN_UNDECLARED_SELECTOR = YES;
				GCC_WARN_UNINITIALIZED_AUTOS = YES_AGGRESSIVE;
				GCC_WARN_UNUSED_FUNCTION = YES;
				GCC_WARN_UNUSED_VARIABLE = YES;
				IPHONEOS_DEPLOYMENT_TARGET = 10.0;
				MTL_ENABLE_DEBUG_INFO = NO;
				SDKROOT = iphoneos;
				TARGETED_DEVICE_FAMILY = "1,2";
				VALIDATE_PRODUCT = YES;
			};
			name = Release;
		};
		8B06310E1D9D0307000B20FB /* Debug */ = {
			isa = XCBuildConfiguration;
			buildSettings = {
				ASSETCATALOG_COMPILER_APPICON_NAME = AppIcon;
				INFOPLIST_FILE = gitTestProject/Info.plist;
				LD_RUNPATH_SEARCH_PATHS = "$(inherited) @executable_path/Frameworks";
				PRODUCT_BUNDLE_IDENTIFIER = df.gitTestProject;
				PRODUCT_NAME = "$(TARGET_NAME)";
			};
			name = Debug;
		};
		8B06310F1D9D0307000B20FB /* Release */ = {
			isa = XCBuildConfiguration;
			buildSettings = {
				ASSETCATALOG_COMPILER_APPICON_NAME = AppIcon;
				INFOPLIST_FILE = gitTestProject/Info.plist;
				LD_RUNPATH_SEARCH_PATHS = "$(inherited) @executable_path/Frameworks";
				PRODUCT_BUNDLE_IDENTIFIER = df.gitTestProject;
				PRODUCT_NAME = "$(TARGET_NAME)";
			};
			name = Release;
		};
		8B0631111D9D0307000B20FB /* Debug */ = {
			isa = XCBuildConfiguration;
			buildSettings = {
				BUNDLE_LOADER = "$(TEST_HOST)";
				INFOPLIST_FILE = gitTestProjectTests/Info.plist;
				LD_RUNPATH_SEARCH_PATHS = "$(inherited) @executable_path/Frameworks @loader_path/Frameworks";
				PRODUCT_BUNDLE_IDENTIFIER = df.gitTestProjectTests;
				PRODUCT_NAME = "$(TARGET_NAME)";
				TEST_HOST = "$(BUILT_PRODUCTS_DIR)/gitTestProject.app/gitTestProject";
			};
			name = Debug;
		};
		8B0631121D9D0307000B20FB /* Release */ = {
			isa = XCBuildConfiguration;
			buildSettings = {
				BUNDLE_LOADER = "$(TEST_HOST)";
				INFOPLIST_FILE = gitTestProjectTests/Info.plist;
				LD_RUNPATH_SEARCH_PATHS = "$(inherited) @executable_path/Frameworks @loader_path/Frameworks";
				PRODUCT_BUNDLE_IDENTIFIER = df.gitTestProjectTests;
				PRODUCT_NAME = "$(TARGET_NAME)";
				TEST_HOST = "$(BUILT_PRODUCTS_DIR)/gitTestProject.app/gitTestProject";
			};
			name = Release;
		};
		8B0631141D9D0307000B20FB /* Debug */ = {
			isa = XCBuildConfiguration;
			buildSettings = {
				INFOPLIST_FILE = gitTestProjectUITests/Info.plist;
				LD_RUNPATH_SEARCH_PATHS = "$(inherited) @executable_path/Frameworks @loader_path/Frameworks";
				PRODUCT_BUNDLE_IDENTIFIER = df.gitTestProjectUITests;
				PRODUCT_NAME = "$(TARGET_NAME)";
				TEST_TARGET_NAME = gitTestProject;
			};
			name = Debug;
		};
		8B0631151D9D0307000B20FB /* Release */ = {
			isa = XCBuildConfiguration;
			buildSettings = {
				INFOPLIST_FILE = gitTestProjectUITests/Info.plist;
				LD_RUNPATH_SEARCH_PATHS = "$(inherited) @executable_path/Frameworks @loader_path/Frameworks";
				PRODUCT_BUNDLE_IDENTIFIER = df.gitTestProjectUITests;
				PRODUCT_NAME = "$(TARGET_NAME)";
				TEST_TARGET_NAME = gitTestProject;
			};
			name = Release;
		};
/* End XCBuildConfiguration section */

/* Begin XCConfigurationList section */
		8B0630DB1D9D0307000B20FB /* Build configuration list for PBXProject "gitTestProject" */ = {
			isa = XCConfigurationList;
			buildConfigurations = (
				8B06310B1D9D0307000B20FB /* Debug */,
				8B06310C1D9D0307000B20FB /* Release */,
			);
			defaultConfigurationIsVisible = 0;
			defaultConfigurationName = Release;
		};
		8B06310D1D9D0307000B20FB /* Build configuration list for PBXNativeTarget "gitTestProject" */ = {
			isa = XCConfigurationList;
			buildConfigurations = (
				8B06310E1D9D0307000B20FB /* Debug */,
				8B06310F1D9D0307000B20FB /* Release */,
			);
			defaultConfigurationIsVisible = 0;
		};
		8B0631101D9D0307000B20FB /* Build configuration list for PBXNativeTarget "gitTestProjectTests" */ = {
			isa = XCConfigurationList;
			buildConfigurations = (
				8B0631111D9D0307000B20FB /* Debug */,
				8B0631121D9D0307000B20FB /* Release */,
			);
			defaultConfigurationIsVisible = 0;
		};
		8B0631131D9D0307000B20FB /* Build configuration list for PBXNativeTarget "gitTestProjectUITests" */ = {
			isa = XCConfigurationList;
			buildConfigurations = (
				8B0631141D9D0307000B20FB /* Debug */,
				8B0631151D9D0307000B20FB /* Release */,
			);
			defaultConfigurationIsVisible = 0;
		};
/* End XCConfigurationList section */
	};
	rootObject = 8B0630D81D9D0307000B20FB /* Project object */;
}
